
Microsoft Visual Studio Solution File, Format Version 12.00
# Visual Studio Version 17
VisualStudioVersion = 17.4.33213.308
MinimumVisualStudioVersion = 10.0.40219.1
Project("{FAE04EC0-301F-11D3-BF4B-00C04F79EFBC}") = "ideagen-testing", "ideagen-testing\ideagen-testing.csproj", "{3830A763-6145-47E3-9560-7DA425BE316A}"
EndProject
Global
	GlobalSection(SolutionConfigurationPlatforms) = preSolution
		Debug|Any CPU = Debug|Any CPU
		Release|Any CPU = Release|Any CPU
	EndGlobalSection
	GlobalSection(ProjectConfigurationPlatforms) = postSolution
		{3830A763-6145-47E3-9560-7DA425BE316A}.Debug|Any CPU.ActiveCfg = Debug|Any CPU
		{3830A763-6145-47E3-9560-7DA425BE316A}.Debug|Any CPU.Build.0 = Debug|Any CPU
		{3830A763-6145-47E3-9560-7DA425BE316A}.Release|Any CPU.ActiveCfg = Release|Any CPU
		{3830A763-6145-47E3-9560-7DA425BE316A}.Release|Any CPU.Build.0 = Release|Any CPU
	EndGlobalSection
	GlobalSection(SolutionProperties) = preSolution
		HideSolutionNode = FALSE
	EndGlobalSection
	GlobalSection(ExtensibilityGlobals) = postSolution
		SolutionGuid = {1738BE12-10A3-41D2-AF48-8BDC52A4978A}
	EndGlobalSection
EndGlobal
